// !$*UTF8*$!
{
	archiveVersion = 1;
	classes = {
	};
	objectVersion = 77;
	objects = {

/* Begin PBXBuildFile section */
		1C7F47E330353F0F009BDF21 /* WidgetKit.framework in Frameworks */ = {isa = PBXBuildFile; fileRef = 1C7F47C530353EFA009BDF21 /* WidgetKit.framework */; };
		1C7F47E430353F0F009BDF21 /* SwiftUI.framework in Frameworks */ = {isa = PBXBuildFile; fileRef = 1C7F47C730353EFA009BDF21 /* SwiftUI.framework */; };
		1C7F47F530353F10009BDF21 /* WidgetExtension.appex in Embed Foundation Extensions */ = {isa = PBXBuildFile; fileRef = 1C7F47E230353F0F009BDF21 /* WidgetExtension.appex */; settings = {ATTRIBUTES = (RemoveHeadersOnCopy, ); }; };
		1C8320FE2F8C1EF200C9DE50 /* ShareExtension.appex in Embed Foundation Extensions */ = {isa = PBXBuildFile; fileRef = 1C8320F42F8C1EF200C9DE50 /* ShareExtension.appex */; settings = {ATTRIBUTES = (RemoveHeadersOnCopy, ); }; };
		B10000082FA000000000AA08 /* FirebaseAuth in Frameworks */ = {isa = PBXBuildFile; productRef = B10000022FA000000000AA02 /* FirebaseAuth */; };
		B10000092FA000000000AA09 /* FirebaseFirestore in Frameworks */ = {isa = PBXBuildFile; productRef = B10000032FA000000000AA03 /* FirebaseFirestore */; };
		B100000B2FA000000000AA0B /* GoogleSignIn in Frameworks */ = {isa = PBXBuildFile; productRef = B10000062FA000000000AA06 /* GoogleSignIn */; };
		B100000C2FA000000000AA0C /* GoogleSignInSwift in Frameworks */ = {isa = PBXBuildFile; productRef = B10000072FA000000000AA07 /* GoogleSignInSwift */; };
/* End PBXBuildFile section */

/* Begin PBXContainerItemProxy section */
		1C7F47F330353F10009BDF21 /* PBXContainerItemProxy */ = {
			isa = PBXContainerItemProxy;
			containerPortal = 1C831E612F8A7E2400C9DE50 /* Project object */;
			proxyType = 1;
			remoteGlobalIDString = 1C7F47E130353F0F009BDF21;
			remoteInfo = WidgetExtension;
		};
		1C8320FC2F8C1EF200C9DE50 /* PBXContainerItemProxy */ = {
			isa = PBXContainerItemProxy;
			containerPortal = 1C831E612F8A7E2400C9DE50 /* Project object */;
			proxyType = 1;
			remoteGlobalIDString = 1C8320F32F8C1EF200C9DE50;
			remoteInfo = ShareExtension;
		};
		1CDA0000000000000000A0X0 /* PBXContainerItemProxy */ = {
			isa = PBXContainerItemProxy;
			containerPortal = 1C831E612F8A7E2400C9DE50 /* Project object */;
			proxyType = 1;
			remoteGlobalIDString = 1C831E682F8A7E2400C9DE50;
			remoteInfo = DeveloperNews;
		};
/* End PBXContainerItemProxy section */

/* Begin PBXCopyFilesBuildPhase section */
		1C8321032F8C1EF200C9DE50 /* Embed Foundation Extensions */ = {
			isa = PBXCopyFilesBuildPhase;
			buildActionMask = 2147483647;
			dstPath = "";
			dstSubfolderSpec = 13;
			files = (
				1C7F47F530353F10009BDF21 /* WidgetExtension.appex in Embed Foundation Extensions */,
				1C8320FE2F8C1EF200C9DE50 /* ShareExtension.appex in Embed Foundation Extensions */,
			);
			name = "Embed Foundation Extensions";
			runOnlyForDeploymentPostprocessing = 0;
		};
/* End PBXCopyFilesBuildPhase section */

/* Begin PBXFileReference section */
		1C7F47C530353EFA009BDF21 /* WidgetKit.framework */ = {isa = PBXFileReference; lastKnownFileType = wrapper.framework; name = WidgetKit.framework; path = System/Library/Frameworks/WidgetKit.framework; sourceTree = SDKROOT; };
		1C7F47C730353EFA009BDF21 /* SwiftUI.framework */ = {isa = PBXFileReference; lastKnownFileType = wrapper.framework; name = SwiftUI.framework; path = System/Library/Frameworks/SwiftUI.framework; sourceTree = SDKROOT; };
		1C7F47E230353F0F009BDF21 /* WidgetExtension.appex */ = {isa = PBXFileReference; explicitFileType = "wrapper.app-extension"; includeInIndex = 0; path = WidgetExtension.appex; sourceTree = BUILT_PRODUCTS_DIR; };
		1C831E692F8A7E2400C9DE50 /* DeveloperNews.app */ = {isa = PBXFileReference; explicitFileType = wrapper.application; includeInIndex = 0; path = DeveloperNews.app; sourceTree = BUILT_PRODUCTS_DIR; };
		1C8320F42F8C1EF200C9DE50 /* ShareExtension.appex */ = {isa = PBXFileReference; explicitFileType = "wrapper.app-extension"; includeInIndex = 0; path = ShareExtension.appex; sourceTree = BUILT_PRODUCTS_DIR; };
		1CDA0000000000000000A0P0 /* DeveloperNewsTests.xctest */ = {isa = PBXFileReference; explicitFileType = wrapper.cfbundle; includeInIndex = 0; path = DeveloperNewsTests.xctest; sourceTree = BUILT_PRODUCTS_DIR; };
/* End PBXFileReference section */

/* Begin PBXFileSystemSynchronizedBuildFileExceptionSet section */
		1C7F47F630353F10009BDF21 /* Exceptions for "WidgetExtension" folder in "WidgetExtension" target */ = {
			isa = PBXFileSystemSynchronizedBuildFileExceptionSet;
			membershipExceptions = (
				Info.plist,
			);
			target = 1C7F47E130353F0F009BDF21 /* WidgetExtension */;
		};
		1C8320FF2F8C1EF200C9DE50 /* Exceptions for "ShareExtension" folder in "ShareExtension" target */ = {
			isa = PBXFileSystemSynchronizedBuildFileExceptionSet;
			membershipExceptions = (
				Info.plist,
			);
			target = 1C8320F32F8C1EF200C9DE50 /* ShareExtension */;
		};
/* End PBXFileSystemSynchronizedBuildFileExceptionSet section */

/* Begin PBXFileSystemSynchronizedRootGroup section */
		1C7F47E530353F0F009BDF21 /* WidgetExtension */ = {
			isa = PBXFileSystemSynchronizedRootGroup;
			exceptions = (
				1C7F47F630353F10009BDF21 /* Exceptions for "WidgetExtension" folder in "WidgetExtension" target */,
			);
			path = WidgetExtension;
			sourceTree = "<group>";
		};
		1C831E6B2F8A7E2400C9DE50 /* DeveloperNews */ = {
			isa = PBXFileSystemSynchronizedRootGroup;
			path = DeveloperNews;
			sourceTree = "<group>";
		};
		1C8320F52F8C1EF200C9DE50 /* ShareExtension */ = {
			isa = PBXFileSystemSynchronizedRootGroup;
			exceptions = (
				1C8320FF2F8C1EF200C9DE50 /* Exceptions for "ShareExtension" folder in "ShareExtension" target */,
			);
			path = ShareExtension;
			sourceTree = "<group>";
		};
		1CDA0000000000000000A0G0 /* DeveloperNewsTests */ = {
			isa = PBXFileSystemSynchronizedRootGroup;
			path = DeveloperNewsTests;
			sourceTree = "<group>";
		};
/* End PBXFileSystemSynchronizedRootGroup section */

/* Begin PBXFrameworksBuildPhase section */
		1C7F47DF30353F0F009BDF21 /* Frameworks */ = {
			isa = PBXFrameworksBuildPhase;
			buildActionMask = 2147483647;
			files = (
				1C7F47E430353F0F009BDF21 /* SwiftUI.framework in Frameworks */,
				1C7F47E330353F0F009BDF21 /* WidgetKit.framework in Frameworks */,
			);
			runOnlyForDeploymentPostprocessing = 0;
		};
		1C831E662F8A7E2400C9DE50 /* Frameworks */ = {
			isa = PBXFrameworksBuildPhase;
			buildActionMask = 2147483647;
			files = (
				B10000082FA000000000AA08 /* FirebaseAuth in Frameworks */,
				B10000092FA000000000AA09 /* FirebaseFirestore in Frameworks */,
				B100000B2FA000000000AA0B /* GoogleSignIn in Frameworks */,
				B100000C2FA000000000AA0C /* GoogleSignInSwift in Frameworks */,
			);
			runOnlyForDeploymentPostprocessing = 0;
		};
		1C8320F12F8C1EF200C9DE50 /* Frameworks */ = {
			isa = PBXFrameworksBuildPhase;
			buildActionMask = 2147483647;
			files = (
			);
			runOnlyForDeploymentPostprocessing = 0;
		};
		1CDA0000000000000000A0F0 /* Frameworks */ = {
			isa = PBXFrameworksBuildPhase;
			buildActionMask = 2147483647;
			files = (
			);
			runOnlyForDeploymentPostprocessing = 0;
		};
/* End PBXFrameworksBuildPhase section */

/* Begin PBXGroup section */
		1C1A07352FE1AF4600EBDA46 /* Recovered References */ = {
			isa = PBXGroup;
			children = (
				1CDA0000000000000000A0G0 /* DeveloperNewsTests */,
			);
			name = "Recovered References";
			sourceTree = "<group>";
		};
		1C7F47C430353EFA009BDF21 /* Frameworks */ = {
			isa = PBXGroup;
			children = (
				1C7F47C530353EFA009BDF21 /* WidgetKit.framework */,
				1C7F47C730353EFA009BDF21 /* SwiftUI.framework */,
			);
			name = Frameworks;
			sourceTree = "<group>";
		};
		1C831E602F8A7E2400C9DE50 = {
			isa = PBXGroup;
			children = (
				1C831E6B2F8A7E2400C9DE50 /* DeveloperNews */,
				1C8320F52F8C1EF200C9DE50 /* ShareExtension */,
				1C7F47E530353F0F009BDF21 /* WidgetExtension */,
				1C7F47C430353EFA009BDF21 /* Frameworks */,
				1C831E6A2F8A7E2400C9DE50 /* Products */,
				1C1A07352FE1AF4600EBDA46 /* Recovered References */,
			);
			sourceTree = "<group>";
		};
		1C831E6A2F8A7E2400C9DE50 /* Products */ = {
			isa = PBXGroup;
			children = (
				1C831E692F8A7E2400C9DE50 /* DeveloperNews.app */,
				1C8320F42F8C1EF200C9DE50 /* ShareExtension.appex */,
				1CDA0000000000000000A0P0 /* DeveloperNewsTests.xctest */,
				1C7F47E230353F0F009BDF21 /* WidgetExtension.appex */,
			);
			name = Products;
			sourceTree = "<group>";
		};
/* End PBXGroup section */

/* Begin PBXNativeTarget section */
		1C7F47E130353F0F009BDF21 /* WidgetExtension */ = {
			isa = PBXNativeTarget;
			buildConfigurationList = 1C7F47F730353F10009BDF21 /* Build configuration list for PBXNativeTarget "WidgetExtension" */;
			buildPhases = (
				1C7F47DE30353F0F009BDF21 /* Sources */,
				1C7F47DF30353F0F009BDF21 /* Frameworks */,
				1C7F47E030353F0F009BDF21 /* Resources */,
			);
			buildRules = (
			);
			dependencies = (
			);
			fileSystemSynchronizedGroups = (
				1C7F47E530353F0F009BDF21 /* WidgetExtension */,
			);
			name = WidgetExtension;
			packageProductDependencies = (
			);
			productName = WidgetExtension;
			productReference = 1C7F47E230353F0F009BDF21 /* WidgetExtension.appex */;
			productType = "com.apple.product-type.app-extension";
		};
		1C831E682F8A7E2400C9DE50 /* DeveloperNews */ = {
			isa = PBXNativeTarget;
			buildConfigurationList = 1C831E742F8A7E2500C9DE50 /* Build configuration list for PBXNativeTarget "DeveloperNews" */;
			buildPhases = (
				1C831E652F8A7E2400C9DE50 /* Sources */,
				1C831E662F8A7E2400C9DE50 /* Frameworks */,
				1C831E672F8A7E2400C9DE50 /* Resources */,
				1C8321032F8C1EF200C9DE50 /* Embed Foundation Extensions */,
			);
			buildRules = (
			);
			dependencies = (
				1C8320FD2F8C1EF200C9DE50 /* PBXTargetDependency */,
				1C7F47F430353F10009BDF21 /* PBXTargetDependency */,
			);
			fileSystemSynchronizedGroups = (
				1C831E6B2F8A7E2400C9DE50 /* DeveloperNews */,
			);
			name = DeveloperNews;
			packageProductDependencies = (
				B10000022FA000000000AA02 /* FirebaseAuth */,
				B10000032FA000000000AA03 /* FirebaseFirestore */,
				B10000062FA000000000AA06 /* GoogleSignIn */,
				B10000072FA000000000AA07 /* GoogleSignInSwift */,
			);
			productName = DeveloperNews;
			productReference = 1C831E692F8A7E2400C9DE50 /* DeveloperNews.app */;
			productType = "com.apple.product-type.application";
		};
		1C8320F32F8C1EF200C9DE50 /* ShareExtension */ = {
			isa = PBXNativeTarget;
			buildConfigurationList = 1C8321002F8C1EF200C9DE50 /* Build configuration list for PBXNativeTarget "ShareExtension" */;
			buildPhases = (
				1C8320F02F8C1EF200C9DE50 /* Sources */,
				1C8320F12F8C1EF200C9DE50 /* Frameworks */,
				1C8320F22F8C1EF200C9DE50 /* Resources */,
			);
			buildRules = (
			);
			dependencies = (
			);
			fileSystemSynchronizedGroups = (
				1C8320F52F8C1EF200C9DE50 /* ShareExtension */,
			);
			name = ShareExtension;
			packageProductDependencies = (
			);
			productName = ShareExtension;
			productReference = 1C8320F42F8C1EF200C9DE50 /* ShareExtension.appex */;
			productType = "com.apple.product-type.app-extension";
		};
		1CDA0000000000000000A0T1 /* DeveloperNewsTests */ = {
			isa = PBXNativeTarget;
			buildConfigurationList = 1CDA0000000000000000A0C0 /* Build configuration list for PBXNativeTarget "DeveloperNewsTests" */;
			buildPhases = (
				1CDA0000000000000000A0S0 /* Sources */,
				1CDA0000000000000000A0F0 /* Frameworks */,
				1CDA0000000000000000A0R0 /* Resources */,
			);
			buildRules = (
			);
			dependencies = (
				1CDA0000000000000000A0D0 /* PBXTargetDependency */,
			);
			fileSystemSynchronizedGroups = (
				1CDA0000000000000000A0G0 /* DeveloperNewsTests */,
			);
			name = DeveloperNewsTests;
			packageProductDependencies = (
			);
			productName = DeveloperNewsTests;
			productReference = 1CDA0000000000000000A0P0 /* DeveloperNewsTests.xctest */;
			productType = "com.apple.product-type.bundle.unit-test";
		};
/* End PBXNativeTarget section */

/* Begin PBXProject section */
		1C831E612F8A7E2400C9DE50 /* Project object */ = {
			isa = PBXProject;
			attributes = {
				BuildIndependentTargetsInParallel = 1;
				LastSwiftUpdateCheck = 2620;
				LastUpgradeCheck = 2620;
				TargetAttributes = {
					1C7F47E130353F0F009BDF21 = {
						CreatedOnToolsVersion = 26.2;
					};
					1C831E682F8A7E2400C9DE50 = {
						CreatedOnToolsVersion = 26.0;
					};
					1C8320F32F8C1EF200C9DE50 = {
						CreatedOnToolsVersion = 26.0;
					};
					1CDA0000000000000000A0T1 = {
						CreatedOnToolsVersion = 26.0;
						TestTargetID = 1C831E682F8A7E2400C9DE50;
					};
				};
			};
			buildConfigurationList = 1C831E642F8A7E2400C9DE50 /* Build configuration list for PBXProject "DeveloperNews" */;
			developmentRegion = en;
			hasScannedForEncodings = 0;
			knownRegions = (
				en,
				ko,
				Base,
			);
			mainGroup = 1C831E602F8A7E2400C9DE50;
			minimizedProjectReferenceProxies = 1;
			packageReferences = (
				B10000012FA000000000AA01 /* XCRemoteSwiftPackageReference "firebase-ios-sdk" */,
				B10000052FA000000000AA05 /* XCRemoteSwiftPackageReference "GoogleSignIn-iOS" */,
			);
			preferredProjectObjectVersion = 77;
			productRefGroup = 1C831E6A2F8A7E2400C9DE50 /* Products */;
			projectDirPath = "";
			projectRoot = "";
			targets = (
				1C831E682F8A7E2400C9DE50 /* DeveloperNews */,
				1C8320F32F8C1EF200C9DE50 /* ShareExtension */,
				1CDA0000000000000000A0T1 /* DeveloperNewsTests */,
				1C7F47E130353F0F009BDF21 /* WidgetExtension */,
			);
		};
/* End PBXProject section */

/* Begin PBXResourcesBuildPhase section */
		1C7F47E030353F0F009BDF21 /* Resources */ = {
			isa = PBXResourcesBuildPhase;
			buildActionMask = 2147483647;
			files = (
			);
			runOnlyForDeploymentPostprocessing = 0;
		};
		1C831E672F8A7E2400C9DE50 /* Resources */ = {
			isa = PBXResourcesBuildPhase;
			buildActionMask = 2147483647;
			files = (
			);
			runOnlyForDeploymentPostprocessing = 0;
		};
		1C8320F22F8C1EF200C9DE50 /* Resources */ = {
			isa = PBXResourcesBuildPhase;
			buildActionMask = 2147483647;
			files = (
			);
			runOnlyForDeploymentPostprocessing = 0;
		};
		1CDA0000000000000000A0R0 /* Resources */ = {
			isa = PBXResourcesBuildPhase;
			buildActionMask = 2147483647;
			files = (
			);
			runOnlyForDeploymentPostprocessing = 0;
		};
/* End PBXResourcesBuildPhase section */

/* Begin PBXSourcesBuildPhase section */
		1C7F47DE30353F0F009BDF21 /* Sources */ = {
			isa = PBXSourcesBuildPhase;
			buildActionMask = 2147483647;
			files = (
			);
			runOnlyForDeploymentPostprocessing = 0;
		};
		1C831E652F8A7E2400C9DE50 /* Sources */ = {
			isa = PBXSourcesBuildPhase;
			buildActionMask = 2147483647;
			files = (
			);
			runOnlyForDeploymentPostprocessing = 0;
		};
		1C8320F02F8C1EF200C9DE50 /* Sources */ = {
			isa = PBXSourcesBuildPhase;
			buildActionMask = 2147483647;
			files = (
			);
			runOnlyForDeploymentPostprocessing = 0;
		};
		1CDA0000000000000000A0S0 /* Sources */ = {
			isa = PBXSourcesBuildPhase;
			buildActionMask = 2147483647;
			files = (
			);
			runOnlyForDeploymentPostprocessing = 0;
		};
/* End PBXSourcesBuildPhase section */

/* Begin PBXTargetDependency section */
		1C7F47F430353F10009BDF21 /* PBXTargetDependency */ = {
			isa = PBXTargetDependency;
			target = 1C7F47E130353F0F009BDF21 /* WidgetExtension */;
			targetProxy = 1C7F47F330353F10009BDF21 /* PBXContainerItemProxy */;
		};
		1C8320FD2F8C1EF200C9DE50 /* PBXTargetDependency */ = {
			isa = PBXTargetDependency;
			target = 1C8320F32F8C1EF200C9DE50 /* ShareExtension */;
			targetProxy = 1C8320FC2F8C1EF200C9DE50 /* PBXContainerItemProxy */;
		};
		1CDA0000000000000000A0D0 /* PBXTargetDependency */ = {
			isa = PBXTargetDependency;
			target = 1C831E682F8A7E2400C9DE50 /* DeveloperNews */;
			targetProxy = 1CDA0000000000000000A0X0 /* PBXContainerItemProxy */;
		};
/* End PBXTargetDependency section */

/* Begin XCBuildConfiguration section */
		1C7F47F830353F10009BDF21 /* Debug */ = {
			isa = XCBuildConfiguration;
			buildSettings = {
				ASSETCATALOG_COMPILER_GLOBAL_ACCENT_COLOR_NAME = AccentColor;
				ASSETCATALOG_COMPILER_WIDGET_BACKGROUND_COLOR_NAME = WidgetBackground;
				CODE_SIGN_ENTITLEMENTS = WidgetExtension/WidgetExtension.entitlements;
				CODE_SIGN_STYLE = Automatic;
				CURRENT_PROJECT_VERSION = 202604130614;
				DEVELOPMENT_TEAM = 5LZNHGFB8C;
				GENERATE_INFOPLIST_FILE = YES;
				INFOPLIST_FILE = WidgetExtension/Info.plist;
				INFOPLIST_KEY_CFBundleDisplayName = WidgetExtension;
				INFOPLIST_KEY_NSHumanReadableCopyright = "";
				IPHONEOS_DEPLOYMENT_TARGET = 26.0;
				LD_RUNPATH_SEARCH_PATHS = (
					"$(inherited)",
					"@executable_path/Frameworks",
					"@executable_path/../../Frameworks",
				);
				MARKETING_VERSION = 1.0.0;
				PRODUCT_BUNDLE_IDENTIFIER = "keen-onit.DeveloperNews.WidgetExtension";
				PRODUCT_NAME = "$(TARGET_NAME)";
				SKIP_INSTALL = YES;
				STRING_CATALOG_GENERATE_SYMBOLS = YES;
				SWIFT_APPROACHABLE_CONCURRENCY = YES;
				SWIFT_EMIT_LOC_STRINGS = YES;
				SWIFT_UPCOMING_FEATURE_MEMBER_IMPORT_VISIBILITY = YES;
				SWIFT_VERSION = 5.0;
				TARGETED_DEVICE_FAMILY = "1,2";
			};
			name = Debug;
		};
		1C7F47F930353F10009BDF21 /* Release */ = {
			isa = XCBuildConfiguration;
			buildSettings = {
				ASSETCATALOG_COMPILER_GLOBAL_ACCENT_COLOR_NAME = AccentColor;
				ASSETCATALOG_COMPILER_WIDGET_BACKGROUND_COLOR_NAME = WidgetBackground;
				CODE_SIGN_ENTITLEMENTS = WidgetExtension/WidgetExtension.entitlements;
				CODE_SIGN_STYLE = Automatic;
				CURRENT_PROJECT_VERSION = 202604130614;
				DEVELOPMENT_TEAM = 5LZNHGFB8C;
				GENERATE_INFOPLIST_FILE = YES;
				INFOPLIST_FILE = WidgetExtension/Info.plist;
				INFOPLIST_KEY_CFBundleDisplayName = WidgetExtension;
				INFOPLIST_KEY_NSHumanReadableCopyright = "";
				IPHONEOS_DEPLOYMENT_TARGET = 26.0;
				LD_RUNPATH_SEARCH_PATHS = (
					"$(inherited)",
					"@executable_path/Frameworks",
					"@executable_path/../../Frameworks",
				);
				MARKETING_VERSION = 1.0.0;
				PRODUCT_BUNDLE_IDENTIFIER = "keen-onit.DeveloperNews.WidgetExtension";
				PRODUCT_NAME = "$(TARGET_NAME)";
				SKIP_INSTALL = YES;
				STRING_CATALOG_GENERATE_SYMBOLS = YES;
				SWIFT_APPROACHABLE_CONCURRENCY = YES;
				SWIFT_EMIT_LOC_STRINGS = YES;
				SWIFT_UPCOMING_FEATURE_MEMBER_IMPORT_VISIBILITY = YES;
				SWIFT_VERSION = 5.0;
				TARGETED_DEVICE_FAMILY = "1,2";
			};
			name = Release;
		};
		1C831E722F8A7E2500C9DE50 /* Debug */ = {
			isa = XCBuildConfiguration;
			buildSettings = {
				ALWAYS_SEARCH_USER_PATHS = NO;
				ASSETCATALOG_COMPILER_GENERATE_SWIFT_ASSET_SYMBOL_EXTENSIONS = YES;
				CLANG_ANALYZER_LOCALIZABILITY_NONLOCALIZED = YES;
				CLANG_ANALYZER_NONNULL = YES;
				CLANG_ANALYZER_NUMBER_OBJECT_CONVERSION = YES_AGGRESSIVE;
				CLANG_CXX_LANGUAGE_STANDARD = "gnu++20";
				CLANG_ENABLE_MODULES = YES;
				CLANG_ENABLE_OBJC_ARC = YES;
				CLANG_ENABLE_OBJC_WEAK = YES;
				CLANG_WARN_BLOCK_CAPTURE_AUTORELEASING = YES;
				CLANG_WARN_BOOL_CONVERSION = YES;
				CLANG_WARN_COMMA = YES;
				CLANG_WARN_CONSTANT_CONVERSION = YES;
				CLANG_WARN_DEPRECATED_OBJC_IMPLEMENTATIONS = YES;
				CLANG_WARN_DIRECT_OBJC_ISA_USAGE = YES_ERROR;
				CLANG_WARN_DOCUMENTATION_COMMENTS = YES;
				CLANG_WARN_EMPTY_BODY = YES;
				CLANG_WARN_ENUM_CONVERSION = YES;
				CLANG_WARN_INFINITE_RECURSION = YES;
				CLANG_WARN_INT_CONVERSION = YES;
				CLANG_WARN_NON_LITERAL_NULL_CONVERSION = YES;
				CLANG_WARN_OBJC_IMPLICIT_RETAIN_SELF = YES;
				CLANG_WARN_OBJC_LITERAL_CONVERSION = YES;
				CLANG_WARN_OBJC_ROOT_CLASS = YES_ERROR;
				CLANG_WARN_QUOTED_INCLUDE_IN_FRAMEWORK_HEADER = YES;
				CLANG_WARN_RANGE_LOOP_ANALYSIS = YES;
				CLANG_WARN_STRICT_PROTOTYPES = YES;
				CLANG_WARN_SUSPICIOUS_MOVE = YES;
				CLANG_WARN_UNGUARDED_AVAILABILITY = YES_AGGRESSIVE;
				CLANG_WARN_UNREACHABLE_CODE = YES;
				CLANG_WARN__DUPLICATE_METHOD_MATCH = YES;
				COPY_PHASE_STRIP = NO;
				DEBUG_INFORMATION_FORMAT = dwarf;
				DEVELOPMENT_TEAM = 5LZNHGFB8C;
				ENABLE_STRICT_OBJC_MSGSEND = YES;
				ENABLE_TESTABILITY = YES;
				ENABLE_USER_SCRIPT_SANDBOXING = YES;
				GCC_C_LANGUAGE_STANDARD = gnu17;
				GCC_DYNAMIC_NO_PIC = NO;
				GCC_NO_COMMON_BLOCKS = YES;
				GCC_OPTIMIZATION_LEVEL = 0;
				GCC_PREPROCESSOR_DEFINITIONS = (
					"DEBUG=1",
					"$(inherited)",
				);
				GCC_WARN_64_TO_32_BIT_CONVERSION = YES;
				GCC_WARN_ABOUT_RETURN_TYPE = YES_ERROR;
				GCC_WARN_UNDECLARED_SELECTOR = YES;
				GCC_WARN_UNINITIALIZED_AUTOS = YES_AGGRESSIVE;
				GCC_WARN_UNUSED_FUNCTION = YES;
				GCC_WARN_UNUSED_VARIABLE = YES;
				IPHONEOS_DEPLOYMENT_TARGET = 26.0;
				LOCALIZATION_PREFERS_STRING_CATALOGS = YES;
				MTL_ENABLE_DEBUG_INFO = INCLUDE_SOURCE;
				MTL_FAST_MATH = YES;
				ONLY_ACTIVE_ARCH = YES;
				SDKROOT = iphoneos;
				STRING_CATALOG_GENERATE_SYMBOLS = YES;
				SWIFT_ACTIVE_COMPILATION_CONDITIONS = "DEBUG $(inherited)";
				SWIFT_OPTIMIZATION_LEVEL = "-Onone";
				SWIFT_VERSION = 6.0;
			};
			name = Debug;
		};
		1C831E732F8A7E2500C9DE50 /* Release */ = {
			isa = XCBuildConfiguration;
			buildSettings = {
				ALWAYS_SEARCH_USER_PATHS = NO;
				ASSETCATALOG_COMPILER_GENERATE_SWIFT_ASSET_SYMBOL_EXTENSIONS = YES;
				CLANG_ANALYZER_LOCALIZABILITY_NONLOCALIZED = YES;
				CLANG_ANALYZER_NONNULL = YES;
				CLANG_ANALYZER_NUMBER_OBJECT_CONVERSION = YES_AGGRESSIVE;
				CLANG_CXX_LANGUAGE_STANDARD = "gnu++20";
				CLANG_ENABLE_MODULES = YES;
				CLANG_ENABLE_OBJC_ARC = YES;
				CLANG_ENABLE_OBJC_WEAK = YES;
				CLANG_WARN_BLOCK_CAPTURE_AUTORELEASING = YES;
				CLANG_WARN_BOOL_CONVERSION = YES;
				CLANG_WARN_COMMA = YES;
				CLANG_WARN_CONSTANT_CONVERSION = YES;
				CLANG_WARN_DEPRECATED_OBJC_IMPLEMENTATIONS = YES;
				CLANG_WARN_DIRECT_OBJC_ISA_USAGE = YES_ERROR;
				CLANG_WARN_DOCUMENTATION_COMMENTS = YES;
				CLANG_WARN_EMPTY_BODY = YES;
				CLANG_WARN_ENUM_CONVERSION = YES;
				CLANG_WARN_INFINITE_RECURSION = YES;
				CLANG_WARN_INT_CONVERSION = YES;
				CLANG_WARN_NON_LITERAL_NULL_CONVERSION = YES;
				CLANG_WARN_OBJC_IMPLICIT_RETAIN_SELF = YES;
				CLANG_WARN_OBJC_LITERAL_CONVERSION = YES;
				CLANG_WARN_OBJC_ROOT_CLASS = YES_ERROR;
				CLANG_WARN_QUOTED_INCLUDE_IN_FRAMEWORK_HEADER = YES;
				CLANG_WARN_RANGE_LOOP_ANALYSIS = YES;
				CLANG_WARN_STRICT_PROTOTYPES = YES;
				CLANG_WARN_SUSPICIOUS_MOVE = YES;
				CLANG_WARN_UNGUARDED_AVAILABILITY = YES_AGGRESSIVE;
				CLANG_WARN_UNREACHABLE_CODE = YES;
				CLANG_WARN__DUPLICATE_METHOD_MATCH = YES;
				COPY_PHASE_STRIP = NO;
				DEBUG_INFORMATION_FORMAT = "dwarf-with-dsym";
				DEVELOPMENT_TEAM = 5LZNHGFB8C;
				ENABLE_NS_ASSERTIONS = NO;
				ENABLE_STRICT_OBJC_MSGSEND = YES;
				ENABLE_USER_SCRIPT_SANDBOXING = YES;
				GCC_C_LANGUAGE_STANDARD = gnu17;
				GCC_NO_COMMON_BLOCKS = YES;
				GCC_WARN_64_TO_32_BIT_CONVERSION = YES;
				GCC_WARN_ABOUT_RETURN_TYPE = YES_ERROR;
				GCC_WARN_UNDECLARED_SELECTOR = YES;
				GCC_WARN_UNINITIALIZED_AUTOS = YES_AGGRESSIVE;
				GCC_WARN_UNUSED_FUNCTION = YES;
				GCC_WARN_UNUSED_VARIABLE = YES;
				IPHONEOS_DEPLOYMENT_TARGET = 26.0;
				LOCALIZATION_PREFERS_STRING_CATALOGS = YES;
				MTL_ENABLE_DEBUG_INFO = NO;
				MTL_FAST_MATH = YES;
				SDKROOT = iphoneos;
				STRING_CATALOG_GENERATE_SYMBOLS = YES;
				SWIFT_COMPILATION_MODE = wholemodule;
				SWIFT_VERSION = 6.0;
				VALIDATE_PRODUCT = YES;
			};
			name = Release;
		};
		1C831E752F8A7E2500C9DE50 /* Debug */ = {
			isa = XCBuildConfiguration;
			buildSettings = {
				ASSETCATALOG_COMPILER_APPICON_NAME = AppIcon;
				ASSETCATALOG_COMPILER_GLOBAL_ACCENT_COLOR_NAME = AccentColor;
				CODE_SIGN_ENTITLEMENTS = DeveloperNews/DeveloperNews.entitlements;
				CODE_SIGN_STYLE = Automatic;
				CURRENT_PROJECT_VERSION = 202604130614;
				DEVELOPMENT_TEAM = 5LZNHGFB8C;
				ENABLE_PREVIEWS = YES;
				GENERATE_INFOPLIST_FILE = YES;
				INFOPLIST_FILE = Info.plist;
				INFOPLIST_KEY_UIApplicationSceneManifest_Generation = YES;
				INFOPLIST_KEY_UIApplicationSupportsIndirectInputEvents = YES;
				INFOPLIST_KEY_UILaunchScreen_Generation = YES;
				INFOPLIST_KEY_UISupportedInterfaceOrientations_iPad = "UIInterfaceOrientationPortrait UIInterfaceOrientationPortraitUpsideDown UIInterfaceOrientationLandscapeLeft UIInterfaceOrientationLandscapeRight";
				INFOPLIST_KEY_UISupportedInterfaceOrientations_iPhone = "UIInterfaceOrientationPortrait UIInterfaceOrientationLandscapeLeft UIInterfaceOrientationLandscapeRight";
				LD_RUNPATH_SEARCH_PATHS = (
					"$(inherited)",
					"@executable_path/Frameworks",
				);
				MARKETING_VERSION = 1.0.0;
				PRODUCT_BUNDLE_IDENTIFIER = "keen-onit.DeveloperNews";
				PRODUCT_NAME = "$(TARGET_NAME)";
				STRING_CATALOG_GENERATE_SYMBOLS = YES;
				SWIFT_APPROACHABLE_CONCURRENCY = YES;
				SWIFT_DEFAULT_ACTOR_ISOLATION = MainActor;
				SWIFT_EMIT_LOC_STRINGS = YES;
				SWIFT_UPCOMING_FEATURE_MEMBER_IMPORT_VISIBILITY = YES;
				SWIFT_VERSION = 6.0;
				TARGETED_DEVICE_FAMILY = "1,2";
			};
			name = Debug;
		};
		1C831E762F8A7E2500C9DE50 /* Release */ = {
			isa = XCBuildConfiguration;
			buildSettings = {
				ASSETCATALOG_COMPILER_APPICON_NAME = AppIcon;
				ASSETCATALOG_COMPILER_GLOBAL_ACCENT_COLOR_NAME = AccentColor;
				CODE_SIGN_ENTITLEMENTS = DeveloperNews/DeveloperNews.entitlements;
				CODE_SIGN_STYLE = Automatic;
				CURRENT_PROJECT_VERSION = 202604130614;
				DEVELOPMENT_TEAM = 5LZNHGFB8C;
				ENABLE_PREVIEWS = YES;
				GENERATE_INFOPLIST_FILE = YES;
				INFOPLIST_FILE = Info.plist;
				INFOPLIST_KEY_UIApplicationSceneManifest_Generation = YES;
				INFOPLIST_KEY_UIApplicationSupportsIndirectInputEvents = YES;
				INFOPLIST_KEY_UILaunchScreen_Generation = YES;
				INFOPLIST_KEY_UISupportedInterfaceOrientations_iPad = "UIInterfaceOrientationPortrait UIInterfaceOrientationPortraitUpsideDown UIInterfaceOrientationLandscapeLeft UIInterfaceOrientationLandscapeRight";
				INFOPLIST_KEY_UISupportedInterfaceOrientations_iPhone = "UIInterfaceOrientationPortrait UIInterfaceOrientationLandscapeLeft UIInterfaceOrientationLandscapeRight";
				LD_RUNPATH_SEARCH_PATHS = (
					"$(inherited)",
					"@executable_path/Frameworks",
				);
				MARKETING_VERSION = 1.0.0;
				PRODUCT_BUNDLE_IDENTIFIER = "keen-onit.DeveloperNews";
				PRODUCT_NAME = "$(TARGET_NAME)";
				STRING_CATALOG_GENERATE_SYMBOLS = YES;
				SWIFT_APPROACHABLE_CONCURRENCY = YES;
				SWIFT_DEFAULT_ACTOR_ISOLATION = MainActor;
				SWIFT_EMIT_LOC_STRINGS = YES;
				SWIFT_UPCOMING_FEATURE_MEMBER_IMPORT_VISIBILITY = YES;
				SWIFT_VERSION = 6.0;
				TARGETED_DEVICE_FAMILY = "1,2";
			};
			name = Release;
		};
		1C8321012F8C1EF200C9DE50 /* Debug */ = {
			isa = XCBuildConfiguration;
			buildSettings = {
				CODE_SIGN_ENTITLEMENTS = ShareExtension/ShareExtension.entitlements;
				CODE_SIGN_STYLE = Automatic;
				CURRENT_PROJECT_VERSION = 202604130614;
				DEVELOPMENT_TEAM = 5LZNHGFB8C;
				GENERATE_INFOPLIST_FILE = YES;
				INFOPLIST_FILE = ShareExtension/Info.plist;
				INFOPLIST_KEY_CFBundleDisplayName = ShareExtension;
				INFOPLIST_KEY_NSHumanReadableCopyright = "";
				LD_RUNPATH_SEARCH_PATHS = (
					"$(inherited)",
					"@executable_path/Frameworks",
					"@executable_path/../../Frameworks",
				);
				MARKETING_VERSION = 1.0.0;
				PRODUCT_BUNDLE_IDENTIFIER = "keen-onit.DeveloperNews.ShareExtension";
				PRODUCT_NAME = "$(TARGET_NAME)";
				SKIP_INSTALL = YES;
				STRING_CATALOG_GENERATE_SYMBOLS = YES;
				SWIFT_APPROACHABLE_CONCURRENCY = YES;
				SWIFT_EMIT_LOC_STRINGS = YES;
				SWIFT_UPCOMING_FEATURE_MEMBER_IMPORT_VISIBILITY = YES;
				SWIFT_VERSION = 6.0;
				TARGETED_DEVICE_FAMILY = "1,2";
			};
			name = Debug;
		};
		1C8321022F8C1EF200C9DE50 /* Release */ = {
			isa = XCBuildConfiguration;
			buildSettings = {
				CODE_SIGN_ENTITLEMENTS = ShareExtension/ShareExtension.entitlements;
				CODE_SIGN_STYLE = Automatic;
				CURRENT_PROJECT_VERSION = 202604130614;
				DEVELOPMENT_TEAM = 5LZNHGFB8C;
				GENERATE_INFOPLIST_FILE = YES;
				INFOPLIST_FILE = ShareExtension/Info.plist;
				INFOPLIST_KEY_CFBundleDisplayName = ShareExtension;
				INFOPLIST_KEY_NSHumanReadableCopyright = "";
				LD_RUNPATH_SEARCH_PATHS = (
					"$(inherited)",
					"@executable_path/Frameworks",
					"@executable_path/../../Frameworks",
				);
				MARKETING_VERSION = 1.0.0;
				PRODUCT_BUNDLE_IDENTIFIER = "keen-onit.DeveloperNews.ShareExtension";
				PRODUCT_NAME = "$(TARGET_NAME)";
				SKIP_INSTALL = YES;
				STRING_CATALOG_GENERATE_SYMBOLS = YES;
				SWIFT_APPROACHABLE_CONCURRENCY = YES;
				SWIFT_EMIT_LOC_STRINGS = YES;
				SWIFT_UPCOMING_FEATURE_MEMBER_IMPORT_VISIBILITY = YES;
				SWIFT_VERSION = 6.0;
				TARGETED_DEVICE_FAMILY = "1,2";
			};
			name = Release;
		};
		1CDA0000000000000000A0C1 /* Debug */ = {
			isa = XCBuildConfiguration;
			buildSettings = {
				BUNDLE_LOADER = "$(TEST_HOST)";
				CODE_SIGN_STYLE = Automatic;
				CURRENT_PROJECT_VERSION = 1;
				DEVELOPMENT_TEAM = 5LZNHGFB8C;
				GENERATE_INFOPLIST_FILE = YES;
				IPHONEOS_DEPLOYMENT_TARGET = 26.0;
				MARKETING_VERSION = 1.0.0;
				PRODUCT_BUNDLE_IDENTIFIER = "keen-onit.DeveloperNewsTests";
				PRODUCT_NAME = "$(TARGET_NAME)";
				SWIFT_APPROACHABLE_CONCURRENCY = YES;
				SWIFT_DEFAULT_ACTOR_ISOLATION = nonisolated;
				SWIFT_EMIT_LOC_STRINGS = NO;
				SWIFT_UPCOMING_FEATURE_MEMBER_IMPORT_VISIBILITY = YES;
				SWIFT_VERSION = 6.0;
				TARGETED_DEVICE_FAMILY = "1,2";
				TEST_HOST = "$(BUILT_PRODUCTS_DIR)/DeveloperNews.app/$(BUNDLE_EXECUTABLE_FOLDER_PATH)/DeveloperNews";
			};
			name = Debug;
		};
		1CDA0000000000000000A0C2 /* Release */ = {
			isa = XCBuildConfiguration;
			buildSettings = {
				BUNDLE_LOADER = "$(TEST_HOST)";
				CODE_SIGN_STYLE = Automatic;
				CURRENT_PROJECT_VERSION = 1;
				DEVELOPMENT_TEAM = 5LZNHGFB8C;
				GENERATE_INFOPLIST_FILE = YES;
				IPHONEOS_DEPLOYMENT_TARGET = 26.0;
				MARKETING_VERSION = 1.0.0;
				PRODUCT_BUNDLE_IDENTIFIER = "keen-onit.DeveloperNewsTests";
				PRODUCT_NAME = "$(TARGET_NAME)";
				SWIFT_APPROACHABLE_CONCURRENCY = YES;
				SWIFT_DEFAULT_ACTOR_ISOLATION = nonisolated;
				SWIFT_EMIT_LOC_STRINGS = NO;
				SWIFT_UPCOMING_FEATURE_MEMBER_IMPORT_VISIBILITY = YES;
				SWIFT_VERSION = 6.0;
				TARGETED_DEVICE_FAMILY = "1,2";
				TEST_HOST = "$(BUILT_PRODUCTS_DIR)/DeveloperNews.app/$(BUNDLE_EXECUTABLE_FOLDER_PATH)/DeveloperNews";
			};
			name = Release;
		};
/* End XCBuildConfiguration section */

/* Begin XCConfigurationList section */
		1C7F47F730353F10009BDF21 /* Build configuration list for PBXNativeTarget "WidgetExtension" */ = {
			isa = XCConfigurationList;
			buildConfigurations = (
				1C7F47F830353F10009BDF21 /* Debug */,
				1C7F47F930353F10009BDF21 /* Release */,
			);
			defaultConfigurationIsVisible = 0;
			defaultConfigurationName = Release;
		};
		1C831E642F8A7E2400C9DE50 /* Build configuration list for PBXProject "DeveloperNews" */ = {
			isa = XCConfigurationList;
			buildConfigurations = (
				1C831E722F8A7E2500C9DE50 /* Debug */,
				1C831E732F8A7E2500C9DE50 /* Release */,
			);
			defaultConfigurationIsVisible = 0;
			defaultConfigurationName = Release;
		};
		1C831E742F8A7E2500C9DE50 /* Build configuration list for PBXNativeTarget "DeveloperNews" */ = {
			isa = XCConfigurationList;
			buildConfigurations = (
				1C831E752F8A7E2500C9DE50 /* Debug */,
				1C831E762F8A7E2500C9DE50 /* Release */,
			);
			defaultConfigurationIsVisible = 0;
			defaultConfigurationName = Release;
		};
		1C8321002F8C1EF200C9DE50 /* Build configuration list for PBXNativeTarget "ShareExtension" */ = {
			isa = XCConfigurationList;
			buildConfigurations = (
				1C8321012F8C1EF200C9DE50 /* Debug */,
				1C8321022F8C1EF200C9DE50 /* Release */,
			);
			defaultConfigurationIsVisible = 0;
			defaultConfigurationName = Release;
		};
		1CDA0000000000000000A0C0 /* Build configuration list for PBXNativeTarget "DeveloperNewsTests" */ = {
			isa = XCConfigurationList;
			buildConfigurations = (
				1CDA0000000000000000A0C1 /* Debug */,
				1CDA0000000000000000A0C2 /* Release */,
			);
			defaultConfigurationIsVisible = 0;
			defaultConfigurationName = Release;
		};
/* End XCConfigurationList section */

/* Begin XCRemoteSwiftPackageReference section */
		B10000012FA000000000AA01 /* XCRemoteSwiftPackageReference "firebase-ios-sdk" */ = {
			isa = XCRemoteSwiftPackageReference;
			repositoryURL = "https://github.com/firebase/firebase-ios-sdk";
			requirement = {
				kind = upToNextMajorVersion;
				minimumVersion = 11.0.0;
			};
		};
		B10000052FA000000000AA05 /* XCRemoteSwiftPackageReference "GoogleSignIn-iOS" */ = {
			isa = XCRemoteSwiftPackageReference;
			repositoryURL = "https://github.com/google/GoogleSignIn-iOS";
			requirement = {
				kind = upToNextMajorVersion;
				minimumVersion = 8.0.0;
			};
		};
/* End XCRemoteSwiftPackageReference section */

/* Begin XCSwiftPackageProductDependency section */
		B10000022FA000000000AA02 /* FirebaseAuth */ = {
			isa = XCSwiftPackageProductDependency;
			package = B10000012FA000000000AA01 /* XCRemoteSwiftPackageReference "firebase-ios-sdk" */;
			productName = FirebaseAuth;
		};
		B10000032FA000000000AA03 /* FirebaseFirestore */ = {
			isa = XCSwiftPackageProductDependency;
			package = B10000012FA000000000AA01 /* XCRemoteSwiftPackageReference "firebase-ios-sdk" */;
			productName = FirebaseFirestore;
		};
		B10000062FA000000000AA06 /* GoogleSignIn */ = {
			isa = XCSwiftPackageProductDependency;
			package = B10000052FA000000000AA05 /* XCRemoteSwiftPackageReference "GoogleSignIn-iOS" */;
			productName = GoogleSignIn;
		};
		B10000072FA000000000AA07 /* GoogleSignInSwift */ = {
			isa = XCSwiftPackageProductDependency;
			package = B10000052FA000000000AA05 /* XCRemoteSwiftPackageReference "GoogleSignIn-iOS" */;
			productName = GoogleSignInSwift;
		};
/* End XCSwiftPackageProductDependency section */
	};
	rootObject = 1C831E612F8A7E2400C9DE50 /* Project object */;
}
